
Microsoft Visual Studio Solution File, Format Version 12.00
# Visual Studio Version 17
VisualStudioVersion = 17.11.35222.181
MinimumVisualStudioVersion = 10.0.40219.1
Project("{FAE04EC0-301F-11D3-BF4B-00C04F79EFBC}") = "OrtakGitCalismasi", "OrtakGitCalismasi.csproj", "{FD6BC88D-0085-4190-B7F7-8AAB2B37540B}"
EndProject
Global
	GlobalSection(SolutionConfigurationPlatforms) = preSolution
		Debug|Any CPU = Debug|Any CPU
		Release|Any CPU = Release|Any CPU
	EndGlobalSection
	GlobalSection(ProjectConfigurationPlatforms) = postSolution
		{FD6BC88D-0085-4190-B7F7-8AAB2B37540B}.Debug|Any CPU.ActiveCfg = Debug|Any CPU
		{FD6BC88D-0085-4190-B7F7-8AAB2B37540B}.Debug|Any CPU.Build.0 = Debug|Any CPU
		{FD6BC88D-0085-4190-B7F7-8AAB2B37540B}.Release|Any CPU.ActiveCfg = Release|Any CPU
		{FD6BC88D-0085-4190-B7F7-8AAB2B37540B}.Release|Any CPU.Build.0 = Release|Any CPU
	EndGlobalSection
	GlobalSection(SolutionProperties) = preSolution
		HideSolutionNode = FALSE
	EndGlobalSection
	GlobalSection(ExtensibilityGlobals) = postSolution
		SolutionGuid = {F8F6BE24-F14C-4B21-AF71-669A682C765E}
	EndGlobalSection
EndGlobal
